
Microsoft Visual Studio Solution File, Format Version 12.00
# Visual Studio Version 16
VisualStudioVersion = 16.0.30517.126
MinimumVisualStudioVersion = 10.0.40219.1
Project("{FAE04EC0-301F-11D3-BF4B-00C04F79EFBC}") = "Oefening1_WPF", "Oefening1_WPF\Oefening1_WPF.csproj", "{1D859F0D-2FFF-404C-8B2C-26108DCB2DD8}"
EndProject
Project("{FAE04EC0-301F-11D3-BF4B-00C04F79EFBC}") = "Oefening2_WPF", "Oefening2_WPF\Oefening2_WPF.csproj", "{5CAC223F-E4A0-49EF-BE10-29B7BCC7AE2C}"
EndProject
Project("{FAE04EC0-301F-11D3-BF4B-00C04F79EFBC}") = "Oefening3_WPF", "Oefening3_WPF\Oefening3_WPF.csproj", "{7BB30B7F-3EDA-447D-BC82-DA39B3103AF2}"
EndProject
Global
	GlobalSection(SolutionConfigurationPlatforms) = preSolution
		Debug|Any CPU = Debug|Any CPU
		Release|Any CPU = Release|Any CPU
	EndGlobalSection
	GlobalSection(ProjectConfigurationPlatforms) = postSolution
		{1D859F0D-2FFF-404C-8B2C-26108DCB2DD8}.Debug|Any CPU.ActiveCfg = Debug|Any CPU
		{1D859F0D-2FFF-404C-8B2C-26108DCB2DD8}.Debug|Any CPU.Build.0 = Debug|Any CPU
		{1D859F0D-2FFF-404C-8B2C-26108DCB2DD8}.Release|Any CPU.ActiveCfg = Release|Any CPU
		{1D859F0D-2FFF-404C-8B2C-26108DCB2DD8}.Release|Any CPU.Build.0 = Release|Any CPU
		{5CAC223F-E4A0-49EF-BE10-29B7BCC7AE2C}.Debug|Any CPU.ActiveCfg = Debug|Any CPU
		{5CAC223F-E4A0-49EF-BE10-29B7BCC7AE2C}.Debug|Any CPU.Build.0 = Debug|Any CPU
		{5CAC223F-E4A0-49EF-BE10-29B7BCC7AE2C}.Release|Any CPU.ActiveCfg = Release|Any CPU
		{5CAC223F-E4A0-49EF-BE10-29B7BCC7AE2C}.Release|Any CPU.Build.0 = Release|Any CPU
		{7BB30B7F-3EDA-447D-BC82-DA39B3103AF2}.Debug|Any CPU.ActiveCfg = Debug|Any CPU
		{7BB30B7F-3EDA-447D-BC82-DA39B3103AF2}.Debug|Any CPU.Build.0 = Debug|Any CPU
		{7BB30B7F-3EDA-447D-BC82-DA39B3103AF2}.Release|Any CPU.ActiveCfg = Release|Any CPU
		{7BB30B7F-3EDA-447D-BC82-DA39B3103AF2}.Release|Any CPU.Build.0 = Release|Any CPU
	EndGlobalSection
	GlobalSection(SolutionProperties) = preSolution
		HideSolutionNode = FALSE
	EndGlobalSection
	GlobalSection(ExtensibilityGlobals) = postSolution
		SolutionGuid = {400489AE-94AB-48A7-865F-6E7F210F4336}
	EndGlobalSection
EndGlobal
